{
  "lockfile-version": 1,
  "manifest": {
    "schema-version": "1.12.0",
    "install": {
      "nodejs": {
        "pkg-path": "nodejs_26",
        "version": "26.2.0"
      }
    },
    "hook": {
      "on-activate": "  # Autogenerated by Flox\n\n  # Install nodejs dependencies\n  npm install\n\n  # End autogenerated by Flox\n"
    },
    "profile": {},
    "options": {}
  },
  "packages": [
    {
      "attr_path": "nodejs_26",
      "broken": false,
      "derivation": "/nix/store/iglicmvz9gwvncclrw7pfx0gjrl1jg6n-nodejs-26.2.0.drv",
      "description": "Event-driven I/O framework for the V8 JavaScript engine",
      "install_id": "nodejs",
      "license": "MIT",
      "locked_url": "https://github.com/flox/nixpkgs?rev=64c08a7ca051951c8eae34e3e3cb1e202fe36786",
      "name": "nodejs-26.2.0",
      "pname": "nodejs_26",
      "rev": "64c08a7ca051951c8eae34e3e3cb1e202fe36786",
      "rev_count": 1004030,
      "rev_date": "2026-05-23T18:24:25Z",
      "scrape_date": "2026-05-26T07:06:28.044052Z",
      "stabilities": [
        "unstable"
      ],
      "unfree": false,
      "version": "26.2.0",
      "outputs_to_install": [
        "out"
      ],
      "outputs": {
        "out": "/nix/store/ng3asxryh41z2bbyv42qz86ziy6fk3r2-nodejs-26.2.0"
      },
      "system": "aarch64-darwin",
      "group": "toplevel",
      "priority": 5
    },
    {
      "attr_path": "nodejs_26",
      "broken": false,
      "derivation": "/nix/store/w3fr2yfgh1kzvijfjbz88pc1fpl1769q-nodejs-26.2.0.drv",
      "description": "Event-driven I/O framework for the V8 JavaScript engine",
      "install_id": "nodejs",
      "license": "MIT",
      "locked_url": "https://github.com/flox/nixpkgs?rev=64c08a7ca051951c8eae34e3e3cb1e202fe36786",
      "name": "nodejs-26.2.0",
      "pname": "nodejs_26",
      "rev": "64c08a7ca051951c8eae34e3e3cb1e202fe36786",
      "rev_count": 1004030,
      "rev_date": "2026-05-23T18:24:25Z",
      "scrape_date": "2026-05-26T07:35:05.606404Z",
      "stabilities": [
        "unstable"
      ],
      "unfree": false,
      "version": "26.2.0",
      "outputs_to_install": [
        "out"
      ],
      "outputs": {
        "out": "/nix/store/0aig3msypgcn18jxqhzmci1acam3gs5b-nodejs-26.2.0"
      },
      "system": "aarch64-linux",
      "group": "toplevel",
      "priority": 5
    },
    {
      "attr_path": "nodejs_26",
      "broken": false,
      "derivation": "/nix/store/py2n5xncg4cgpgaqzifk6kbgg5r98443-nodejs-26.2.0.drv",
      "description": "Event-driven I/O framework for the V8 JavaScript engine",
      "install_id": "nodejs",
      "license": "MIT",
      "locked_url": "https://github.com/flox/nixpkgs?rev=64c08a7ca051951c8eae34e3e3cb1e202fe36786",
      "name": "nodejs-26.2.0",
      "pname": "nodejs_26",
      "rev": "64c08a7ca051951c8eae34e3e3cb1e202fe36786",
      "rev_count": 1004030,
      "rev_date": "2026-05-23T18:24:25Z",
      "scrape_date": "2026-05-26T08:02:36.833820Z",
      "stabilities": [
        "unstable"
      ],
      "unfree": false,
      "version": "26.2.0",
      "outputs_to_install": [
        "out"
      ],
      "outputs": {
        "out": "/nix/store/7maj7y73f78q8k7f58f6bqbalhzg3ijy-nodejs-26.2.0"
      },
      "system": "x86_64-darwin",
      "group": "toplevel",
      "priority": 5
    },
    {
      "attr_path": "nodejs_26",
      "broken": false,
      "derivation": "/nix/store/pn8q0xmdld7kyy54rmp3hixnhh5nf928-nodejs-26.2.0.drv",
      "description": "Event-driven I/O framework for the V8 JavaScript engine",
      "install_id": "nodejs",
      "license": "MIT",
      "locked_url": "https://github.com/flox/nixpkgs?rev=64c08a7ca051951c8eae34e3e3cb1e202fe36786",
      "name": "nodejs-26.2.0",
      "pname": "nodejs_26",
      "rev": "64c08a7ca051951c8eae34e3e3cb1e202fe36786",
      "rev_count": 1004030,
      "rev_date": "2026-05-23T18:24:25Z",
      "scrape_date": "2026-05-26T08:33:31.733068Z",
      "stabilities": [
        "unstable"
      ],
      "unfree": false,
      "version": "26.2.0",
      "outputs_to_install": [
        "out"
      ],
      "outputs": {
        "out": "/nix/store/6b8rp3jvsq1am7d0bx8xz2dpyb45nbp2-nodejs-26.2.0"
      },
      "system": "x86_64-linux",
      "group": "toplevel",
      "priority": 5
    }
  ]
}
